
Microsoft Visual Studio Solution File, Format Version 12.00
# Visual Studio Version 16
VisualStudioVersion = 16.0.31515.178
MinimumVisualStudioVersion = 10.0.40219.1
Project("{FAE04EC0-301F-11D3-BF4B-00C04F79EFBC}") = "KomodoCafe", "KomodoCafe\KomodoCafe.csproj", "{C480EB25-1E1D-4E7F-8EC5-81163AD47C0F}"
EndProject
Project("{FAE04EC0-301F-11D3-BF4B-00C04F79EFBC}") = "GoldBadgeTests", "GoldBadgeTests\GoldBadgeTests.csproj", "{D13FF904-1DB9-4796-831C-3B20B8FCE928}"
EndProject
Project("{FAE04EC0-301F-11D3-BF4B-00C04F79EFBC}") = "KomodoClaims", "KomodoClaims\KomodoClaims.csproj", "{5EA88534-5E24-4AE6-A208-C6D31541D32F}"
EndProject
Project("{FAE04EC0-301F-11D3-BF4B-00C04F79EFBC}") = "KomodoInsuranceBadges", "KomodoInsuranceBadges\KomodoInsuranceBadges.csproj", "{454A8CB1-559D-480A-AF1E-25D80ADAC264}"
EndProject
Global
	GlobalSection(SolutionConfigurationPlatforms) = preSolution
		Debug|Any CPU = Debug|Any CPU
		Release|Any CPU = Release|Any CPU
	EndGlobalSection
	GlobalSection(ProjectConfigurationPlatforms) = postSolution
		{C480EB25-1E1D-4E7F-8EC5-81163AD47C0F}.Debug|Any CPU.ActiveCfg = Debug|Any CPU
		{C480EB25-1E1D-4E7F-8EC5-81163AD47C0F}.Debug|Any CPU.Build.0 = Debug|Any CPU
		{C480EB25-1E1D-4E7F-8EC5-81163AD47C0F}.Release|Any CPU.ActiveCfg = Release|Any CPU
		{C480EB25-1E1D-4E7F-8EC5-81163AD47C0F}.Release|Any CPU.Build.0 = Release|Any CPU
		{D13FF904-1DB9-4796-831C-3B20B8FCE928}.Debug|Any CPU.ActiveCfg = Debug|Any CPU
		{D13FF904-1DB9-4796-831C-3B20B8FCE928}.Debug|Any CPU.Build.0 = Debug|Any CPU
		{D13FF904-1DB9-4796-831C-3B20B8FCE928}.Release|Any CPU.ActiveCfg = Release|Any CPU
		{D13FF904-1DB9-4796-831C-3B20B8FCE928}.Release|Any CPU.Build.0 = Release|Any CPU
		{5EA88534-5E24-4AE6-A208-C6D31541D32F}.Debug|Any CPU.ActiveCfg = Debug|Any CPU
		{5EA88534-5E24-4AE6-A208-C6D31541D32F}.Debug|Any CPU.Build.0 = Debug|Any CPU
		{5EA88534-5E24-4AE6-A208-C6D31541D32F}.Release|Any CPU.ActiveCfg = Release|Any CPU
		{5EA88534-5E24-4AE6-A208-C6D31541D32F}.Release|Any CPU.Build.0 = Release|Any CPU
		{454A8CB1-559D-480A-AF1E-25D80ADAC264}.Debug|Any CPU.ActiveCfg = Debug|Any CPU
		{454A8CB1-559D-480A-AF1E-25D80ADAC264}.Debug|Any CPU.Build.0 = Debug|Any CPU
		{454A8CB1-559D-480A-AF1E-25D80ADAC264}.Release|Any CPU.ActiveCfg = Release|Any CPU
		{454A8CB1-559D-480A-AF1E-25D80ADAC264}.Release|Any CPU.Build.0 = Release|Any CPU
	EndGlobalSection
	GlobalSection(SolutionProperties) = preSolution
		HideSolutionNode = FALSE
	EndGlobalSection
	GlobalSection(ExtensibilityGlobals) = postSolution
		SolutionGuid = {6FB6E707-AA5B-474E-865F-FA4D0A9EB1FA}
	EndGlobalSection
EndGlobal
